// !$*UTF8*$!
{
	archiveVersion = 1;
	classes = {
	};
	objectVersion = 46;
	objects = {

/* Begin PBXBuildFile section */
		CEAD583D15EB56B1005E4C73 /* UIKit.framework in Frameworks */ = {isa = PBXBuildFile; fileRef = CEAD583C15EB56B1005E4C73 /* UIKit.framework */; };
		CEAD583F15EB56B1005E4C73 /* Foundation.framework in Frameworks */ = {isa = PBXBuildFile; fileRef = CEAD583E15EB56B1005E4C73 /* Foundation.framework */; };
		CEAD584115EB56B1005E4C73 /* CoreGraphics.framework in Frameworks */ = {isa = PBXBuildFile; fileRef = CEAD584015EB56B1005E4C73 /* CoreGraphics.framework */; };
		CEAD584715EB56B1005E4C73 /* InfoPlist.strings in Resources */ = {isa = PBXBuildFile; fileRef = CEAD584515EB56B1005E4C73 /* InfoPlist.strings */; };
		CEAD584915EB56B1005E4C73 /* main.m in Sources */ = {isa = PBXBuildFile; fileRef = CEAD584815EB56B1005E4C73 /* main.m */; };
		CEAD584D15EB56B1005E4C73 /* AppDelegate.m in Sources */ = {isa = PBXBuildFile; fileRef = CEAD584C15EB56B1005E4C73 /* AppDelegate.m */; };
		CEAD585015EB56B1005E4C73 /* ViewController.m in Sources */ = {isa = PBXBuildFile; fileRef = CEAD584F15EB56B1005E4C73 /* ViewController.m */; };
		CEAD585315EB56B1005E4C73 /* ViewController.xib in Resources */ = {isa = PBXBuildFile; fileRef = CEAD585115EB56B1005E4C73 /* ViewController.xib */; };
/* End PBXBuildFile section */

/* Begin PBXFileReference section */
		CEAD583815EB56B1005E4C73 /* русский как иностранный.app */ = {isa = PBXFileReference; explicitFileType = wrapper.application; includeInIndex = 0; path = "русский как иностранный.app"; sourceTree = BUILT_PRODUCTS_DIR; };
		CEAD583C15EB56B1005E4C73 /* UIKit.framework */ = {isa = PBXFileReference; lastKnownFileType = wrapper.framework; name = UIKit.framework; path = System/Library/Frameworks/UIKit.framework; sourceTree = SDKROOT; };
		CEAD583E15EB56B1005E4C73 /* Foundation.framework */ = {isa = PBXFileReference; lastKnownFileType = wrapper.framework; name = Foundation.framework; path = System/Library/Frameworks/Foundation.framework; sourceTree = SDKROOT; };
		CEAD584015EB56B1005E4C73 /* CoreGraphics.framework */ = {isa = PBXFileReference; lastKnownFileType = wrapper.framework; name = CoreGraphics.framework; path = System/Library/Frameworks/CoreGraphics.framework; sourceTree = SDKROOT; };
		CEAD584415EB56B1005E4C73 /* русский как иностранный-Info.plist */ = {isa = PBXFileReference; path = "русский как иностранный-Info.plist"; sourceTree = "<group>"; };
		CEAD584615EB56B1005E4C73 /* en */ = {isa = PBXFileReference; lastKnownFileType = text.plist.strings; name = en; path = en.lproj/InfoPlist.strings; sourceTree = "<group>"; };
		CEAD584815EB56B1005E4C73 /* main.m */ = {isa = PBXFileReference; lastKnownFileType = sourcecode.c.objc; path = main.m; sourceTree = "<group>"; };
		CEAD584A15EB56B1005E4C73 /* русский как иностранный-Prefix.pch */ = {isa = PBXFileReference; path = "русский как иностранный-Prefix.pch"; sourceTree = "<group>"; };
		CEAD584B15EB56B1005E4C73 /* AppDelegate.h */ = {isa = PBXFileReference; path = AppDelegate.h; sourceTree = "<group>"; };
		CEAD584C15EB56B1005E4C73 /* AppDelegate.m */ = {isa = PBXFileReference; lastKnownFileType = sourcecode.c.objc; path = AppDelegate.m; sourceTree = "<group>"; };
		CEAD584E15EB56B1005E4C73 /* ViewController.h */ = {isa = PBXFileReference; path = ViewController.h; sourceTree = "<group>"; };
		CEAD584F15EB56B1005E4C73 /* ViewController.m */ = {isa = PBXFileReference; lastKnownFileType = sourcecode.c.objc; path = ViewController.m; sourceTree = "<group>"; };
		CEAD585215EB56B1005E4C73 /* en */ = {isa = PBXFileReference; lastKnownFileType = file.xib; name = en; path = en.lproj/ViewController.xib; sourceTree = "<group>"; };
/* End PBXFileReference section */

/* Begin PBXFrameworksBuildPhase section */
		CEAD583515EB56B1005E4C73 /* Frameworks */ = {
			isa = PBXFrameworksBuildPhase;
			buildActionMask = 2147483647;
			files = (
				CEAD583D15EB56B1005E4C73 /* UIKit.framework in Frameworks */,
				CEAD583F15EB56B1005E4C73 /* Foundation.framework in Frameworks */,
				CEAD584115EB56B1005E4C73 /* CoreGraphics.framework in Frameworks */,
			);
			runOnlyForDeploymentPostprocessing = 0;
		};
/* End PBXFrameworksBuildPhase section */

/* Begin PBXGroup section */
		CEAD582D15EB56B0005E4C73 = {
			isa = PBXGroup;
			children = (
				CEAD584215EB56B1005E4C73 /* русский как иностранный */,
				CEAD583B15EB56B1005E4C73 /* Frameworks */,
				CEAD583915EB56B1005E4C73 /* Products */,
			);
			sourceTree = "<group>";
		};
		CEAD583915EB56B1005E4C73 /* Products */ = {
			isa = PBXGroup;
			children = (
				CEAD583815EB56B1005E4C73 /* русский как иностранный.app */,
			);
			name = Products;
			sourceTree = "<group>";
		};
		CEAD583B15EB56B1005E4C73 /* Frameworks */ = {
			isa = PBXGroup;
			children = (
				CEAD583C15EB56B1005E4C73 /* UIKit.framework */,
				CEAD583E15EB56B1005E4C73 /* Foundation.framework */,
				CEAD584015EB56B1005E4C73 /* CoreGraphics.framework */,
			);
			name = Frameworks;
			sourceTree = "<group>";
		};
		CEAD584215EB56B1005E4C73 /* русский как иностранный */ = {
			isa = PBXGroup;
			children = (
				CEAD584B15EB56B1005E4C73 /* AppDelegate.h */,
				CEAD584C15EB56B1005E4C73 /* AppDelegate.m */,
				CEAD584E15EB56B1005E4C73 /* ViewController.h */,
				CEAD584F15EB56B1005E4C73 /* ViewController.m */,
				CEAD585115EB56B1005E4C73 /* ViewController.xib */,
				CEAD584315EB56B1005E4C73 /* Supporting Files */,
			);
			path = "русский как иностранный";
			sourceTree = "<group>";
		};
		CEAD584315EB56B1005E4C73 /* Supporting Files */ = {
			isa = PBXGroup;
			children = (
				CEAD584415EB56B1005E4C73 /* русский как иностранный-Info.plist */,
				CEAD584515EB56B1005E4C73 /* InfoPlist.strings */,
				CEAD584815EB56B1005E4C73 /* main.m */,
				CEAD584A15EB56B1005E4C73 /* русский как иностранный-Prefix.pch */,
			);
			name = "Supporting Files";
			sourceTree = "<group>";
		};
/* End PBXGroup section */

/* Begin PBXNativeTarget section */
		CEAD583715EB56B1005E4C73 /* русский как иностранный */ = {
			isa = PBXNativeTarget;
			buildConfigurationList = CEAD585615EB56B1005E4C73 /* Build configuration list for PBXNativeTarget "русский как иностранный" */;
			buildPhases = (
				CEAD583415EB56B1005E4C73 /* Sources */,
				CEAD583515EB56B1005E4C73 /* Frameworks */,
				CEAD583615EB56B1005E4C73 /* Resources */,
			);
			buildRules = (
			);
			dependencies = (
			);
			name = "русский как иностранный";
			productName = "русский как иностранный";
			productReference = CEAD583815EB56B1005E4C73 /* русский как иностранный.app */;
			productType = "com.apple.product-type.application";
		};
/* End PBXNativeTarget section */

/* Begin PBXProject section */
		CEAD582F15EB56B0005E4C73 /* Project object */ = {
			isa = PBXProject;
			attributes = {
				LastUpgradeCheck = 0430;
			};
			buildConfigurationList = CEAD583215EB56B0005E4C73 /* Build configuration list for PBXProject "русский как иностранный" */;
			compatibilityVersion = "Xcode 3.2";
			developmentRegion = English;
			hasScannedForEncodings = 0;
			knownRegions = (
				en,
			);
			mainGroup = CEAD582D15EB56B0005E4C73;
			productRefGroup = CEAD583915EB56B1005E4C73 /* Products */;
			projectDirPath = "";
			projectRoot = "";
			targets = (
				CEAD583715EB56B1005E4C73 /* русский как иностранный */,
			);
		};
/* End PBXProject section */

/* Begin PBXResourcesBuildPhase section */
		CEAD583615EB56B1005E4C73 /* Resources */ = {
			isa = PBXResourcesBuildPhase;
			buildActionMask = 2147483647;
			files = (
				CEAD584715EB56B1005E4C73 /* InfoPlist.strings in Resources */,
				CEAD585315EB56B1005E4C73 /* ViewController.xib in Resources */,
			);
			runOnlyForDeploymentPostprocessing = 0;
		};
/* End PBXResourcesBuildPhase section */

/* Begin PBXSourcesBuildPhase section */
		CEAD583415EB56B1005E4C73 /* Sources */ = {
			isa = PBXSourcesBuildPhase;
			buildActionMask = 2147483647;
			files = (
				CEAD584915EB56B1005E4C73 /* main.m in Sources */,
				CEAD584D15EB56B1005E4C73 /* AppDelegate.m in Sources */,
				CEAD585015EB56B1005E4C73 /* ViewController.m in Sources */,
			);
			runOnlyForDeploymentPostprocessing = 0;
		};
/* End PBXSourcesBuildPhase section */

/* Begin PBXVariantGroup section */
		CEAD584515EB56B1005E4C73 /* InfoPlist.strings */ = {
			isa = PBXVariantGroup;
			children = (
				CEAD584615EB56B1005E4C73 /* en */,
			);
			name = InfoPlist.strings;
			sourceTree = "<group>";
		};
		CEAD585115EB56B1005E4C73 /* ViewController.xib */ = {
			isa = PBXVariantGroup;
			children = (
				CEAD585215EB56B1005E4C73 /* en */,
			);
			name = ViewController.xib;
			sourceTree = "<group>";
		};
/* End PBXVariantGroup section */

/* Begin XCBuildConfiguration section */
		CEAD585415EB56B1005E4C73 /* Debug */ = {
			isa = XCBuildConfiguration;
			buildSettings = {
				ALWAYS_SEARCH_USER_PATHS = NO;
				ARCHS = "$(ARCHS_STANDARD_32_BIT)";
				CLANG_ENABLE_OBJC_ARC = YES;
				"CODE_SIGN_IDENTITY[sdk=iphoneos*]" = "iPhone Developer";
				COPY_PHASE_STRIP = NO;
				GCC_C_LANGUAGE_STANDARD = gnu99;
				GCC_DYNAMIC_NO_PIC = NO;
				GCC_OPTIMIZATION_LEVEL = 0;
				GCC_PREPROCESSOR_DEFINITIONS = (
					"DEBUG=1",
					"$(inherited)",
				);
				GCC_SYMBOLS_PRIVATE_EXTERN = NO;
				GCC_VERSION = com.apple.compilers.llvm.clang.1_0;
				GCC_WARN_ABOUT_RETURN_TYPE = YES;
				GCC_WARN_UNINITIALIZED_AUTOS = YES;
				GCC_WARN_UNUSED_VARIABLE = YES;
				IPHONEOS_DEPLOYMENT_TARGET = 5.1;
				SDKROOT = iphoneos;
			};
			name = Debug;
		};
		CEAD585515EB56B1005E4C73 /* Release */ = {
			isa = XCBuildConfiguration;
			buildSettings = {
				ALWAYS_SEARCH_USER_PATHS = NO;
				ARCHS = "$(ARCHS_STANDARD_32_BIT)";
				CLANG_ENABLE_OBJC_ARC = YES;
				"CODE_SIGN_IDENTITY[sdk=iphoneos*]" = "iPhone Developer";
				COPY_PHASE_STRIP = YES;
				GCC_C_LANGUAGE_STANDARD = gnu99;
				GCC_VERSION = com.apple.compilers.llvm.clang.1_0;
				GCC_WARN_ABOUT_RETURN_TYPE = YES;
				GCC_WARN_UNINITIALIZED_AUTOS = YES;
				GCC_WARN_UNUSED_VARIABLE = YES;
				IPHONEOS_DEPLOYMENT_TARGET = 5.1;
				OTHER_CFLAGS = "-DNS_BLOCK_ASSERTIONS=1";
				SDKROOT = iphoneos;
				VALIDATE_PRODUCT = YES;
			};
			name = Release;
		};
		CEAD585715EB56B1005E4C73 /* Debug */ = {
			isa = XCBuildConfiguration;
			buildSettings = {
				GCC_PRECOMPILE_PREFIX_HEADER = YES;
				GCC_PREFIX_HEADER = "русский как иностранный/русский как иностранный-Prefix.pch";
				INFOPLIST_FILE = "русский как иностранный/русский как иностранный-Info.plist";
				PRODUCT_NAME = "$(TARGET_NAME)";
				WRAPPER_EXTENSION = app;
			};
			name = Debug;
		};
		CEAD585815EB56B1005E4C73 /* Release */ = {
			isa = XCBuildConfiguration;
			buildSettings = {
				GCC_PRECOMPILE_PREFIX_HEADER = YES;
				GCC_PREFIX_HEADER = "русский как иностранный/русский как иностранный-Prefix.pch";
				INFOPLIST_FILE = "русский как иностранный/русский как иностранный-Info.plist";
				PRODUCT_NAME = "$(TARGET_NAME)";
				WRAPPER_EXTENSION = app;
			};
			name = Release;
		};
/* End XCBuildConfiguration section */

/* Begin XCConfigurationList section */
		CEAD583215EB56B0005E4C73 /* Build configuration list for PBXProject "русский как иностранный" */ = {
			isa = XCConfigurationList;
			buildConfigurations = (
				CEAD585415EB56B1005E4C73 /* Debug */,
				CEAD585515EB56B1005E4C73 /* Release */,
			);
			defaultConfigurationIsVisible = 0;
			defaultConfigurationName = Release;
		};
		CEAD585615EB56B1005E4C73 /* Build configuration list for PBXNativeTarget "русский как иностранный" */ = {
			isa = XCConfigurationList;
			buildConfigurations = (
				CEAD585715EB56B1005E4C73 /* Debug */,
				CEAD585815EB56B1005E4C73 /* Release */,
			);
			defaultConfigurationIsVisible = 0;
		};
/* End XCConfigurationList section */
	};
	rootObject = CEAD582F15EB56B0005E4C73 /* Project object */;
}
